// !$*UTF8*$!
{
	archiveVersion = 1;
	classes = {
	};
	objectVersion = 46;
	objects = {

/* Begin PBXBuildFile section */
		330B780D18D6CAC500BF7DF7 /* Foundation.framework in Frameworks */ = {isa = PBXBuildFile; fileRef = 330B780C18D6CAC500BF7DF7 /* Foundation.framework */; };
		330B780F18D6CAC500BF7DF7 /* CoreGraphics.framework in Frameworks */ = {isa = PBXBuildFile; fileRef = 330B780E18D6CAC500BF7DF7 /* CoreGraphics.framework */; };
		330B781118D6CAC500BF7DF7 /* UIKit.framework in Frameworks */ = {isa = PBXBuildFile; fileRef = 330B781018D6CAC500BF7DF7 /* UIKit.framework */; };
		330B781718D6CAC600BF7DF7 /* InfoPlist.strings in Resources */ = {isa = PBXBuildFile; fileRef = 330B781518D6CAC600BF7DF7 /* InfoPlist.strings */; };
		330B781918D6CAC600BF7DF7 /* main.m in Sources */ = {isa = PBXBuildFile; fileRef = 330B781818D6CAC600BF7DF7 /* main.m */; };
		330B781D18D6CAC600BF7DF7 /* APP_AppDelegate.m in Sources */ = {isa = PBXBuildFile; fileRef = 330B781C18D6CAC600BF7DF7 /* APP_AppDelegate.m */; };
		330B782018D6CAC600BF7DF7 /* Main.storyboard in Resources */ = {isa = PBXBuildFile; fileRef = 330B781E18D6CAC600BF7DF7 /* Main.storyboard */; };
		330B782318D6CAC600BF7DF7 /* APP_ViewController.m in Sources */ = {isa = PBXBuildFile; fileRef = 330B782218D6CAC600BF7DF7 /* APP_ViewController.m */; };
		330B782518D6CAC600BF7DF7 /* Images.xcassets in Resources */ = {isa = PBXBuildFile; fileRef = 330B782418D6CAC600BF7DF7 /* Images.xcassets */; };
		330B782C18D6CAC600BF7DF7 /* XCTest.framework in Frameworks */ = {isa = PBXBuildFile; fileRef = 330B782B18D6CAC600BF7DF7 /* XCTest.framework */; };
		330B782D18D6CAC600BF7DF7 /* Foundation.framework in Frameworks */ = {isa = PBXBuildFile; fileRef = 330B780C18D6CAC500BF7DF7 /* Foundation.framework */; };
		330B782E18D6CAC600BF7DF7 /* UIKit.framework in Frameworks */ = {isa = PBXBuildFile; fileRef = 330B781018D6CAC500BF7DF7 /* UIKit.framework */; };
		330B783618D6CAC600BF7DF7 /* InfoPlist.strings in Resources */ = {isa = PBXBuildFile; fileRef = 330B783418D6CAC600BF7DF7 /* InfoPlist.strings */; };
		330B783818D6CAC600BF7DF7 /* FacebookSignOnTests.m in Sources */ = {isa = PBXBuildFile; fileRef = 330B783718D6CAC600BF7DF7 /* FacebookSignOnTests.m */; };
		330B784218D6CBD800BF7DF7 /* FacebookSDK.framework in Frameworks */ = {isa = PBXBuildFile; fileRef = 330B784118D6CBD800BF7DF7 /* FacebookSDK.framework */; };
/* End PBXBuildFile section */

/* Begin PBXContainerItemProxy section */
		330B782F18D6CAC600BF7DF7 /* PBXContainerItemProxy */ = {
			isa = PBXContainerItemProxy;
			containerPortal = 330B780118D6CAC500BF7DF7 /* Project object */;
			proxyType = 1;
			remoteGlobalIDString = 330B780818D6CAC500BF7DF7;
			remoteInfo = FacebookSignOn;
		};
/* End PBXContainerItemProxy section */

/* Begin PBXFileReference section */
		330B780918D6CAC500BF7DF7 /* FacebookSignOn.app */ = {isa = PBXFileReference; explicitFileType = wrapper.application; includeInIndex = 0; path = FacebookSignOn.app; sourceTree = BUILT_PRODUCTS_DIR; };
		330B780C18D6CAC500BF7DF7 /* Foundation.framework */ = {isa = PBXFileReference; lastKnownFileType = wrapper.framework; name = Foundation.framework; path = System/Library/Frameworks/Foundation.framework; sourceTree = SDKROOT; };
		330B780E18D6CAC500BF7DF7 /* CoreGraphics.framework */ = {isa = PBXFileReference; lastKnownFileType = wrapper.framework; name = CoreGraphics.framework; path = System/Library/Frameworks/CoreGraphics.framework; sourceTree = SDKROOT; };
		330B781018D6CAC500BF7DF7 /* UIKit.framework */ = {isa = PBXFileReference; lastKnownFileType = wrapper.framework; name = UIKit.framework; path = System/Library/Frameworks/UIKit.framework; sourceTree = SDKROOT; };
		330B781418D6CAC600BF7DF7 /* FacebookSignOn-Info.plist */ = {isa = PBXFileReference; lastKnownFileType = text.plist.xml; path = "FacebookSignOn-Info.plist"; sourceTree = "<group>"; };
		330B781618D6CAC600BF7DF7 /* en */ = {isa = PBXFileReference; lastKnownFileType = text.plist.strings; name = en; path = en.lproj/InfoPlist.strings; sourceTree = "<group>"; };
		330B781818D6CAC600BF7DF7 /* main.m */ = {isa = PBXFileReference; lastKnownFileType = sourcecode.c.objc; path = main.m; sourceTree = "<group>"; };
		330B781A18D6CAC600BF7DF7 /* FacebookSignOn-Prefix.pch */ = {isa = PBXFileReference; lastKnownFileType = sourcecode.c.h; path = "FacebookSignOn-Prefix.pch"; sourceTree = "<group>"; };
		330B781B18D6CAC600BF7DF7 /* APP_AppDelegate.h */ = {isa = PBXFileReference; lastKnownFileType = sourcecode.c.h; path = APP_AppDelegate.h; sourceTree = "<group>"; };
		330B781C18D6CAC600BF7DF7 /* APP_AppDelegate.m */ = {isa = PBXFileReference; lastKnownFileType = sourcecode.c.objc; path = APP_AppDelegate.m; sourceTree = "<group>"; };
		330B781F18D6CAC600BF7DF7 /* Base */ = {isa = PBXFileReference; lastKnownFileType = file.storyboard; name = Base; path = Base.lproj/Main.storyboard; sourceTree = "<group>"; };
		330B782118D6CAC600BF7DF7 /* APP_ViewController.h */ = {isa = PBXFileReference; lastKnownFileType = sourcecode.c.h; path = APP_ViewController.h; sourceTree = "<group>"; };
		330B782218D6CAC600BF7DF7 /* APP_ViewController.m */ = {isa = PBXFileReference; lastKnownFileType = sourcecode.c.objc; path = APP_ViewController.m; sourceTree = "<group>"; };
		330B782418D6CAC600BF7DF7 /* Images.xcassets */ = {isa = PBXFileReference; lastKnownFileType = folder.assetcatalog; path = Images.xcassets; sourceTree = "<group>"; };
		330B782A18D6CAC600BF7DF7 /* FacebookSignOnTests.xctest */ = {isa = PBXFileReference; explicitFileType = wrapper.cfbundle; includeInIndex = 0; path = FacebookSignOnTests.xctest; sourceTree = BUILT_PRODUCTS_DIR; };
		330B782B18D6CAC600BF7DF7 /* XCTest.framework */ = {isa = PBXFileReference; lastKnownFileType = wrapper.framework; name = XCTest.framework; path = Library/Frameworks/XCTest.framework; sourceTree = DEVELOPER_DIR; };
		330B783318D6CAC600BF7DF7 /* FacebookSignOnTests-Info.plist */ = {isa = PBXFileReference; lastKnownFileType = text.plist.xml; path = "FacebookSignOnTests-Info.plist"; sourceTree = "<group>"; };
		330B783518D6CAC600BF7DF7 /* en */ = {isa = PBXFileReference; lastKnownFileType = text.plist.strings; name = en; path = en.lproj/InfoPlist.strings; sourceTree = "<group>"; };
		330B783718D6CAC600BF7DF7 /* FacebookSignOnTests.m */ = {isa = PBXFileReference; lastKnownFileType = sourcecode.c.objc; path = FacebookSignOnTests.m; sourceTree = "<group>"; };
		330B784118D6CBD800BF7DF7 /* FacebookSDK.framework */ = {isa = PBXFileReference; lastKnownFileType = wrapper.framework; name = FacebookSDK.framework; path = ../../../Documents/FacebookSDK/FacebookSDK.framework; sourceTree = "<group>"; };
/* End PBXFileReference section */

/* Begin PBXFrameworksBuildPhase section */
		330B780618D6CAC500BF7DF7 /* Frameworks */ = {
			isa = PBXFrameworksBuildPhase;
			buildActionMask = 2147483647;
			files = (
				330B784218D6CBD800BF7DF7 /* FacebookSDK.framework in Frameworks */,
				330B780F18D6CAC500BF7DF7 /* CoreGraphics.framework in Frameworks */,
				330B781118D6CAC500BF7DF7 /* UIKit.framework in Frameworks */,
				330B780D18D6CAC500BF7DF7 /* Foundation.framework in Frameworks */,
			);
			runOnlyForDeploymentPostprocessing = 0;
		};
		330B782718D6CAC600BF7DF7 /* Frameworks */ = {
			isa = PBXFrameworksBuildPhase;
			buildActionMask = 2147483647;
			files = (
				330B782C18D6CAC600BF7DF7 /* XCTest.framework in Frameworks */,
				330B782E18D6CAC600BF7DF7 /* UIKit.framework in Frameworks */,
				330B782D18D6CAC600BF7DF7 /* Foundation.framework in Frameworks */,
			);
			runOnlyForDeploymentPostprocessing = 0;
		};
/* End PBXFrameworksBuildPhase section */

/* Begin PBXGroup section */
		330B780018D6CAC500BF7DF7 = {
			isa = PBXGroup;
			children = (
				330B781218D6CAC600BF7DF7 /* FacebookSignOn */,
				330B783118D6CAC600BF7DF7 /* FacebookSignOnTests */,
				330B780B18D6CAC500BF7DF7 /* Frameworks */,
				330B780A18D6CAC500BF7DF7 /* Products */,
			);
			sourceTree = "<group>";
		};
		330B780A18D6CAC500BF7DF7 /* Products */ = {
			isa = PBXGroup;
			children = (
				330B780918D6CAC500BF7DF7 /* FacebookSignOn.app */,
				330B782A18D6CAC600BF7DF7 /* FacebookSignOnTests.xctest */,
			);
			name = Products;
			sourceTree = "<group>";
		};
		330B780B18D6CAC500BF7DF7 /* Frameworks */ = {
			isa = PBXGroup;
			children = (
				330B784118D6CBD800BF7DF7 /* FacebookSDK.framework */,
				330B780C18D6CAC500BF7DF7 /* Foundation.framework */,
				330B780E18D6CAC500BF7DF7 /* CoreGraphics.framework */,
				330B781018D6CAC500BF7DF7 /* UIKit.framework */,
				330B782B18D6CAC600BF7DF7 /* XCTest.framework */,
			);
			name = Frameworks;
			sourceTree = "<group>";
		};
		330B781218D6CAC600BF7DF7 /* FacebookSignOn */ = {
			isa = PBXGroup;
			children = (
				330B781B18D6CAC600BF7DF7 /* APP_AppDelegate.h */,
				330B781C18D6CAC600BF7DF7 /* APP_AppDelegate.m */,
				330B781E18D6CAC600BF7DF7 /* Main.storyboard */,
				330B782118D6CAC600BF7DF7 /* APP_ViewController.h */,
				330B782218D6CAC600BF7DF7 /* APP_ViewController.m */,
				330B782418D6CAC600BF7DF7 /* Images.xcassets */,
				330B781318D6CAC600BF7DF7 /* Supporting Files */,
			);
			path = FacebookSignOn;
			sourceTree = "<group>";
		};
		330B781318D6CAC600BF7DF7 /* Supporting Files */ = {
			isa = PBXGroup;
			children = (
				330B781418D6CAC600BF7DF7 /* FacebookSignOn-Info.plist */,
				330B781518D6CAC600BF7DF7 /* InfoPlist.strings */,
				330B781818D6CAC600BF7DF7 /* main.m */,
				330B781A18D6CAC600BF7DF7 /* FacebookSignOn-Prefix.pch */,
			);
			name = "Supporting Files";
			sourceTree = "<group>";
		};
		330B783118D6CAC600BF7DF7 /* FacebookSignOnTests */ = {
			isa = PBXGroup;
			children = (
				330B783718D6CAC600BF7DF7 /* FacebookSignOnTests.m */,
				330B783218D6CAC600BF7DF7 /* Supporting Files */,
			);
			path = FacebookSignOnTests;
			sourceTree = "<group>";
		};
		330B783218D6CAC600BF7DF7 /* Supporting Files */ = {
			isa = PBXGroup;
			children = (
				330B783318D6CAC600BF7DF7 /* FacebookSignOnTests-Info.plist */,
				330B783418D6CAC600BF7DF7 /* InfoPlist.strings */,
			);
			name = "Supporting Files";
			sourceTree = "<group>";
		};
/* End PBXGroup section */

/* Begin PBXNativeTarget section */
		330B780818D6CAC500BF7DF7 /* FacebookSignOn */ = {
			isa = PBXNativeTarget;
			buildConfigurationList = 330B783B18D6CAC600BF7DF7 /* Build configuration list for PBXNativeTarget "FacebookSignOn" */;
			buildPhases = (
				330B780518D6CAC500BF7DF7 /* Sources */,
				330B780618D6CAC500BF7DF7 /* Frameworks */,
				330B780718D6CAC500BF7DF7 /* Resources */,
			);
			buildRules = (
			);
			dependencies = (
			);
			name = FacebookSignOn;
			productName = FacebookSignOn;
			productReference = 330B780918D6CAC500BF7DF7 /* FacebookSignOn.app */;
			productType = "com.apple.product-type.application";
		};
		330B782918D6CAC600BF7DF7 /* FacebookSignOnTests */ = {
			isa = PBXNativeTarget;
			buildConfigurationList = 330B783E18D6CAC600BF7DF7 /* Build configuration list for PBXNativeTarget "FacebookSignOnTests" */;
			buildPhases = (
				330B782618D6CAC600BF7DF7 /* Sources */,
				330B782718D6CAC600BF7DF7 /* Frameworks */,
				330B782818D6CAC600BF7DF7 /* Resources */,
			);
			buildRules = (
			);
			dependencies = (
				330B783018D6CAC600BF7DF7 /* PBXTargetDependency */,
			);
			name = FacebookSignOnTests;
			productName = FacebookSignOnTests;
			productReference = 330B782A18D6CAC600BF7DF7 /* FacebookSignOnTests.xctest */;
			productType = "com.apple.product-type.bundle.unit-test";
		};
/* End PBXNativeTarget section */

/* Begin PBXProject section */
		330B780118D6CAC500BF7DF7 /* Project object */ = {
			isa = PBXProject;
			attributes = {
				CLASSPREFIX = APP_;
				LastUpgradeCheck = 0510;
				ORGANIZATIONNAME = "Hackintosh 01";
				TargetAttributes = {
					330B782918D6CAC600BF7DF7 = {
						TestTargetID = 330B780818D6CAC500BF7DF7;
					};
				};
			};
			buildConfigurationList = 330B780418D6CAC500BF7DF7 /* Build configuration list for PBXProject "FacebookSignOn" */;
			compatibilityVersion = "Xcode 3.2";
			developmentRegion = English;
			hasScannedForEncodings = 0;
			knownRegions = (
				en,
				Base,
			);
			mainGroup = 330B780018D6CAC500BF7DF7;
			productRefGroup = 330B780A18D6CAC500BF7DF7 /* Products */;
			projectDirPath = "";
			projectRoot = "";
			targets = (
				330B780818D6CAC500BF7DF7 /* FacebookSignOn */,
				330B782918D6CAC600BF7DF7 /* FacebookSignOnTests */,
			);
		};
/* End PBXProject section */

/* Begin PBXResourcesBuildPhase section */
		330B780718D6CAC500BF7DF7 /* Resources */ = {
			isa = PBXResourcesBuildPhase;
			buildActionMask = 2147483647;
			files = (
				330B782518D6CAC600BF7DF7 /* Images.xcassets in Resources */,
				330B781718D6CAC600BF7DF7 /* InfoPlist.strings in Resources */,
				330B782018D6CAC600BF7DF7 /* Main.storyboard in Resources */,
			);
			runOnlyForDeploymentPostprocessing = 0;
		};
		330B782818D6CAC600BF7DF7 /* Resources */ = {
			isa = PBXResourcesBuildPhase;
			buildActionMask = 2147483647;
			files = (
				330B783618D6CAC600BF7DF7 /* InfoPlist.strings in Resources */,
			);
			runOnlyForDeploymentPostprocessing = 0;
		};
/* End PBXResourcesBuildPhase section */

/* Begin PBXSourcesBuildPhase section */
		330B780518D6CAC500BF7DF7 /* Sources */ = {
			isa = PBXSourcesBuildPhase;
			buildActionMask = 2147483647;
			files = (
				330B782318D6CAC600BF7DF7 /* APP_ViewController.m in Sources */,
				330B781D18D6CAC600BF7DF7 /* APP_AppDelegate.m in Sources */,
				330B781918D6CAC600BF7DF7 /* main.m in Sources */,
			);
			runOnlyForDeploymentPostprocessing = 0;
		};
		330B782618D6CAC600BF7DF7 /* Sources */ = {
			isa = PBXSourcesBuildPhase;
			buildActionMask = 2147483647;
			files = (
				330B783818D6CAC600BF7DF7 /* FacebookSignOnTests.m in Sources */,
			);
			runOnlyForDeploymentPostprocessing = 0;
		};
/* End PBXSourcesBuildPhase section */

/* Begin PBXTargetDependency section */
		330B783018D6CAC600BF7DF7 /* PBXTargetDependency */ = {
			isa = PBXTargetDependency;
			target = 330B780818D6CAC500BF7DF7 /* FacebookSignOn */;
			targetProxy = 330B782F18D6CAC600BF7DF7 /* PBXContainerItemProxy */;
		};
/* End PBXTargetDependency section */

/* Begin PBXVariantGroup section */
		330B781518D6CAC600BF7DF7 /* InfoPlist.strings */ = {
			isa = PBXVariantGroup;
			children = (
				330B781618D6CAC600BF7DF7 /* en */,
			);
			name = InfoPlist.strings;
			sourceTree = "<group>";
		};
		330B781E18D6CAC600BF7DF7 /* Main.storyboard */ = {
			isa = PBXVariantGroup;
			children = (
				330B781F18D6CAC600BF7DF7 /* Base */,
			);
			name = Main.storyboard;
			sourceTree = "<group>";
		};
		330B783418D6CAC600BF7DF7 /* InfoPlist.strings */ = {
			isa = PBXVariantGroup;
			children = (
				330B783518D6CAC600BF7DF7 /* en */,
			);
			name = InfoPlist.strings;
			sourceTree = "<group>";
		};
/* End PBXVariantGroup section */

/* Begin XCBuildConfiguration section */
		330B783918D6CAC600BF7DF7 /* Debug */ = {
			isa = XCBuildConfiguration;
			buildSettings = {
				ALWAYS_SEARCH_USER_PATHS = NO;
				CLANG_CXX_LANGUAGE_STANDARD = "gnu++0x";
				CLANG_CXX_LIBRARY = "libc++";
				CLANG_ENABLE_MODULES = YES;
				CLANG_ENABLE_OBJC_ARC = YES;
				CLANG_WARN_BOOL_CONVERSION = YES;
				CLANG_WARN_CONSTANT_CONVERSION = YES;
				CLANG_WARN_DIRECT_OBJC_ISA_USAGE = YES_ERROR;
				CLANG_WARN_EMPTY_BODY = YES;
				CLANG_WARN_ENUM_CONVERSION = YES;
				CLANG_WARN_INT_CONVERSION = YES;
				CLANG_WARN_OBJC_ROOT_CLASS = YES_ERROR;
				CLANG_WARN__DUPLICATE_METHOD_MATCH = YES;
				"CODE_SIGN_IDENTITY[sdk=iphoneos*]" = "iPhone Developer";
				COPY_PHASE_STRIP = NO;
				GCC_C_LANGUAGE_STANDARD = gnu99;
				GCC_DYNAMIC_NO_PIC = NO;
				GCC_OPTIMIZATION_LEVEL = 0;
				GCC_PREPROCESSOR_DEFINITIONS = (
					"DEBUG=1",
					"$(inherited)",
				);
				GCC_SYMBOLS_PRIVATE_EXTERN = NO;
				GCC_WARN_64_TO_32_BIT_CONVERSION = YES;
				GCC_WARN_ABOUT_RETURN_TYPE = YES_ERROR;
				GCC_WARN_UNDECLARED_SELECTOR = YES;
				GCC_WARN_UNINITIALIZED_AUTOS = YES_AGGRESSIVE;
				GCC_WARN_UNUSED_FUNCTION = YES;
				GCC_WARN_UNUSED_VARIABLE = YES;
				IPHONEOS_DEPLOYMENT_TARGET = 7.1;
				ONLY_ACTIVE_ARCH = YES;
				SDKROOT = iphoneos;
			};
			name = Debug;
		};
		330B783A18D6CAC600BF7DF7 /* Release */ = {
			isa = XCBuildConfiguration;
			buildSettings = {
				ALWAYS_SEARCH_USER_PATHS = NO;
				CLANG_CXX_LANGUAGE_STANDARD = "gnu++0x";
				CLANG_CXX_LIBRARY = "libc++";
				CLANG_ENABLE_MODULES = YES;
				CLANG_ENABLE_OBJC_ARC = YES;
				CLANG_WARN_BOOL_CONVERSION = YES;
				CLANG_WARN_CONSTANT_CONVERSION = YES;
				CLANG_WARN_DIRECT_OBJC_ISA_USAGE = YES_ERROR;
				CLANG_WARN_EMPTY_BODY = YES;
				CLANG_WARN_ENUM_CONVERSION = YES;
				CLANG_WARN_INT_CONVERSION = YES;
				CLANG_WARN_OBJC_ROOT_CLASS = YES_ERROR;
				CLANG_WARN__DUPLICATE_METHOD_MATCH = YES;
				"CODE_SIGN_IDENTITY[sdk=iphoneos*]" = "iPhone Developer";
				COPY_PHASE_STRIP = YES;
				ENABLE_NS_ASSERTIONS = NO;
				GCC_C_LANGUAGE_STANDARD = gnu99;
				GCC_WARN_64_TO_32_BIT_CONVERSION = YES;
				GCC_WARN_ABOUT_RETURN_TYPE = YES_ERROR;
				GCC_WARN_UNDECLARED_SELECTOR = YES;
				GCC_WARN_UNINITIALIZED_AUTOS = YES_AGGRESSIVE;
				GCC_WARN_UNUSED_FUNCTION = YES;
				GCC_WARN_UNUSED_VARIABLE = YES;
				IPHONEOS_DEPLOYMENT_TARGET = 7.1;
				SDKROOT = iphoneos;
				VALIDATE_PRODUCT = YES;
			};
			name = Release;
		};
		330B783C18D6CAC600BF7DF7 /* Debug */ = {
			isa = XCBuildConfiguration;
			buildSettings = {
				ASSETCATALOG_COMPILER_APPICON_NAME = AppIcon;
				ASSETCATALOG_COMPILER_LAUNCHIMAGE_NAME = LaunchImage;
				FRAMEWORK_SEARCH_PATHS = (
					"$(inherited)",
					/Users/hackintosh01/Documents/FacebookSDK,
				);
				GCC_PRECOMPILE_PREFIX_HEADER = YES;
				GCC_PREFIX_HEADER = "FacebookSignOn/FacebookSignOn-Prefix.pch";
				INFOPLIST_FILE = "FacebookSignOn/FacebookSignOn-Info.plist";
				PRODUCT_NAME = "$(TARGET_NAME)";
				WRAPPER_EXTENSION = app;
			};
			name = Debug;
		};
		330B783D18D6CAC600BF7DF7 /* Release */ = {
			isa = XCBuildConfiguration;
			buildSettings = {
				ASSETCATALOG_COMPILER_APPICON_NAME = AppIcon;
				ASSETCATALOG_COMPILER_LAUNCHIMAGE_NAME = LaunchImage;
				FRAMEWORK_SEARCH_PATHS = (
					"$(inherited)",
					/Users/hackintosh01/Documents/FacebookSDK,
				);
				GCC_PRECOMPILE_PREFIX_HEADER = YES;
				GCC_PREFIX_HEADER = "FacebookSignOn/FacebookSignOn-Prefix.pch";
				INFOPLIST_FILE = "FacebookSignOn/FacebookSignOn-Info.plist";
				PRODUCT_NAME = "$(TARGET_NAME)";
				WRAPPER_EXTENSION = app;
			};
			name = Release;
		};
		330B783F18D6CAC600BF7DF7 /* Debug */ = {
			isa = XCBuildConfiguration;
			buildSettings = {
				BUNDLE_LOADER = "$(BUILT_PRODUCTS_DIR)/FacebookSignOn.app/FacebookSignOn";
				FRAMEWORK_SEARCH_PATHS = (
					"$(SDKROOT)/Developer/Library/Frameworks",
					"$(inherited)",
					"$(DEVELOPER_FRAMEWORKS_DIR)",
				);
				GCC_PRECOMPILE_PREFIX_HEADER = YES;
				GCC_PREFIX_HEADER = "FacebookSignOn/FacebookSignOn-Prefix.pch";
				GCC_PREPROCESSOR_DEFINITIONS = (
					"DEBUG=1",
					"$(inherited)",
				);
				INFOPLIST_FILE = "FacebookSignOnTests/FacebookSignOnTests-Info.plist";
				PRODUCT_NAME = "$(TARGET_NAME)";
				TEST_HOST = "$(BUNDLE_LOADER)";
				WRAPPER_EXTENSION = xctest;
			};
			name = Debug;
		};
		330B784018D6CAC600BF7DF7 /* Release */ = {
			isa = XCBuildConfiguration;
			buildSettings = {
				BUNDLE_LOADER = "$(BUILT_PRODUCTS_DIR)/FacebookSignOn.app/FacebookSignOn";
				FRAMEWORK_SEARCH_PATHS = (
					"$(SDKROOT)/Developer/Library/Frameworks",
					"$(inherited)",
					"$(DEVELOPER_FRAMEWORKS_DIR)",
				);
				GCC_PRECOMPILE_PREFIX_HEADER = YES;
				GCC_PREFIX_HEADER = "FacebookSignOn/FacebookSignOn-Prefix.pch";
				INFOPLIST_FILE = "FacebookSignOnTests/FacebookSignOnTests-Info.plist";
				PRODUCT_NAME = "$(TARGET_NAME)";
				TEST_HOST = "$(BUNDLE_LOADER)";
				WRAPPER_EXTENSION = xctest;
			};
			name = Release;
		};
/* End XCBuildConfiguration section */

/* Begin XCConfigurationList section */
		330B780418D6CAC500BF7DF7 /* Build configuration list for PBXProject "FacebookSignOn" */ = {
			isa = XCConfigurationList;
			buildConfigurations = (
				330B783918D6CAC600BF7DF7 /* Debug */,
				330B783A18D6CAC600BF7DF7 /* Release */,
			);
			defaultConfigurationIsVisible = 0;
			defaultConfigurationName = Release;
		};
		330B783B18D6CAC600BF7DF7 /* Build configuration list for PBXNativeTarget "FacebookSignOn" */ = {
			isa = XCConfigurationList;
			buildConfigurations = (
				330B783C18D6CAC600BF7DF7 /* Debug */,
				330B783D18D6CAC600BF7DF7 /* Release */,
			);
			defaultConfigurationIsVisible = 0;
		};
		330B783E18D6CAC600BF7DF7 /* Build configuration list for PBXNativeTarget "FacebookSignOnTests" */ = {
			isa = XCConfigurationList;
			buildConfigurations = (
				330B783F18D6CAC600BF7DF7 /* Debug */,
				330B784018D6CAC600BF7DF7 /* Release */,
			);
			defaultConfigurationIsVisible = 0;
		};
/* End XCConfigurationList section */
	};
	rootObject = 330B780118D6CAC500BF7DF7 /* Project object */;
}
